{
  "name": "npm-test-consumer",
  "version": "1.0.0",
  "lockfileVersion": 1,
  "requires": true,
  "dependencies": {
    "@kekekevin/npm-test": {
      "version": "1.0.0",
      "resolved": "https://npm.pkg.github.com/download/@kekekevin/npm-test/1.0.0/0623d6aec8764c311af240eae9952b72b5e1d257550bb7eaef81217c8a4b498b",
      "integrity": "sha512-YP2/qxkegdrZO/aYLDbu3ih7qksTQST6vmx+q5W38L6q3tLnQuqEJvTh1lYmZ+2285ARRuASrQT8cEjaTA7AZA=="
    }
  }
}
